
Microsoft Visual Studio Solution File, Format Version 12.00
Project("{FAE04EC0-301F-11D3-BF4B-00C04F79EFBC}") = "CaptainOfCheats", "src\CaptainOfCheats.csproj", "{6B357129-3BE9-431E-B063-213719710D2D}"
EndProject
Global
	GlobalSection(SolutionConfigurationPlatforms) = preSolution
		Release|Any CPU = Release|Any CPU
	EndGlobalSection
	GlobalSection(ProjectConfigurationPlatforms) = postSolution
		{6B357129-3BE9-431E-B063-213719710D2D}.Release|Any CPU.ActiveCfg = Release|Any CPU
		{6B357129-3BE9-431E-B063-213719710D2D}.Release|Any CPU.Build.0 = Release|Any CPU
	EndGlobalSection
EndGlobal
